// !$*UTF8*$!
{
	archiveVersion = 1;
	classes = {
	};
	objectVersion = 50;
	objects = {

/* Begin PBXBuildFile section */
		4C4D60B223AC1FBA00317AB3 /* AppDelegate.swift in Sources */ = {isa = PBXBuildFile; fileRef = 4C4D60B123AC1FBA00317AB3 /* AppDelegate.swift */; };
		4C4D60B423AC1FBA00317AB3 /* SceneDelegate.swift in Sources */ = {isa = PBXBuildFile; fileRef = 4C4D60B323AC1FBA00317AB3 /* SceneDelegate.swift */; };
		4C4D60B923AC1FBA00317AB3 /* Main.storyboard in Resources */ = {isa = PBXBuildFile; fileRef = 4C4D60B723AC1FBA00317AB3 /* Main.storyboard */; };
		4C4D60BB23AC1FBB00317AB3 /* Assets.xcassets in Resources */ = {isa = PBXBuildFile; fileRef = 4C4D60BA23AC1FBB00317AB3 /* Assets.xcassets */; };
		4C4D60BE23AC1FBB00317AB3 /* LaunchScreen.storyboard in Resources */ = {isa = PBXBuildFile; fileRef = 4C4D60BC23AC1FBB00317AB3 /* LaunchScreen.storyboard */; };
		4C4D60C923AC20B000317AB3 /* Photo.swift in Sources */ = {isa = PBXBuildFile; fileRef = 4C4D60C823AC20B000317AB3 /* Photo.swift */; };
		4C4D60CC23AC213400317AB3 /* PhotoController.swift in Sources */ = {isa = PBXBuildFile; fileRef = 4C4D60CB23AC213400317AB3 /* PhotoController.swift */; };
		4C4D60CE23AC22A900317AB3 /* ThemeHelper.swift in Sources */ = {isa = PBXBuildFile; fileRef = 4C4D60CD23AC22A900317AB3 /* ThemeHelper.swift */; };
		4C4D60D023AC383200317AB3 /* PhotosCollectionViewController.swift in Sources */ = {isa = PBXBuildFile; fileRef = 4C4D60CF23AC383200317AB3 /* PhotosCollectionViewController.swift */; };
		4C4D60D223AC389400317AB3 /* PhotosCollectionViewCell.swift in Sources */ = {isa = PBXBuildFile; fileRef = 4C4D60D123AC389400317AB3 /* PhotosCollectionViewCell.swift */; };
		4C4D60D423AC3A0D00317AB3 /* PhotoDetailViewController.swift in Sources */ = {isa = PBXBuildFile; fileRef = 4C4D60D323AC3A0D00317AB3 /* PhotoDetailViewController.swift */; };
		4C4D60D623AC3D4000317AB3 /* ThemeSelectionViewController.swift in Sources */ = {isa = PBXBuildFile; fileRef = 4C4D60D523AC3D4000317AB3 /* ThemeSelectionViewController.swift */; };
/* End PBXBuildFile section */

/* Begin PBXFileReference section */
		4C4D60AE23AC1FBA00317AB3 /* PhotoCollection.app */ = {isa = PBXFileReference; explicitFileType = wrapper.application; includeInIndex = 0; path = PhotoCollection.app; sourceTree = BUILT_PRODUCTS_DIR; };
		4C4D60B123AC1FBA00317AB3 /* AppDelegate.swift */ = {isa = PBXFileReference; lastKnownFileType = sourcecode.swift; path = AppDelegate.swift; sourceTree = "<group>"; };
		4C4D60B323AC1FBA00317AB3 /* SceneDelegate.swift */ = {isa = PBXFileReference; lastKnownFileType = sourcecode.swift; path = SceneDelegate.swift; sourceTree = "<group>"; };
		4C4D60B823AC1FBA00317AB3 /* Base */ = {isa = PBXFileReference; lastKnownFileType = file.storyboard; name = Base; path = Base.lproj/Main.storyboard; sourceTree = "<group>"; };
		4C4D60BA23AC1FBB00317AB3 /* Assets.xcassets */ = {isa = PBXFileReference; lastKnownFileType = folder.assetcatalog; path = Assets.xcassets; sourceTree = "<group>"; };
		4C4D60BD23AC1FBB00317AB3 /* Base */ = {isa = PBXFileReference; lastKnownFileType = file.storyboard; name = Base; path = Base.lproj/LaunchScreen.storyboard; sourceTree = "<group>"; };
		4C4D60BF23AC1FBB00317AB3 /* Info.plist */ = {isa = PBXFileReference; lastKnownFileType = text.plist.xml; path = Info.plist; sourceTree = "<group>"; };
		4C4D60C823AC20B000317AB3 /* Photo.swift */ = {isa = PBXFileReference; lastKnownFileType = sourcecode.swift; path = Photo.swift; sourceTree = "<group>"; };
		4C4D60CB23AC213400317AB3 /* PhotoController.swift */ = {isa = PBXFileReference; lastKnownFileType = sourcecode.swift; path = PhotoController.swift; sourceTree = "<group>"; };
		4C4D60CD23AC22A900317AB3 /* ThemeHelper.swift */ = {isa = PBXFileReference; lastKnownFileType = sourcecode.swift; path = ThemeHelper.swift; sourceTree = "<group>"; };
		4C4D60CF23AC383200317AB3 /* PhotosCollectionViewController.swift */ = {isa = PBXFileReference; lastKnownFileType = sourcecode.swift; path = PhotosCollectionViewController.swift; sourceTree = "<group>"; };
		4C4D60D123AC389400317AB3 /* PhotosCollectionViewCell.swift */ = {isa = PBXFileReference; lastKnownFileType = sourcecode.swift; path = PhotosCollectionViewCell.swift; sourceTree = "<group>"; };
		4C4D60D323AC3A0D00317AB3 /* PhotoDetailViewController.swift */ = {isa = PBXFileReference; lastKnownFileType = sourcecode.swift; path = PhotoDetailViewController.swift; sourceTree = "<group>"; };
		4C4D60D523AC3D4000317AB3 /* ThemeSelectionViewController.swift */ = {isa = PBXFileReference; lastKnownFileType = sourcecode.swift; path = ThemeSelectionViewController.swift; sourceTree = "<group>"; };
/* End PBXFileReference section */

/* Begin PBXFrameworksBuildPhase section */
		4C4D60AB23AC1FBA00317AB3 /* Frameworks */ = {
			isa = PBXFrameworksBuildPhase;
			buildActionMask = 2147483647;
			files = (
			);
			runOnlyForDeploymentPostprocessing = 0;
		};
/* End PBXFrameworksBuildPhase section */

/* Begin PBXGroup section */
		4C4D60A523AC1FBA00317AB3 = {
			isa = PBXGroup;
			children = (
				4C4D60B023AC1FBA00317AB3 /* PhotoCollection */,
				4C4D60AF23AC1FBA00317AB3 /* Products */,
			);
			sourceTree = "<group>";
		};
		4C4D60AF23AC1FBA00317AB3 /* Products */ = {
			isa = PBXGroup;
			children = (
				4C4D60AE23AC1FBA00317AB3 /* PhotoCollection.app */,
			);
			name = Products;
			sourceTree = "<group>";
		};
		4C4D60B023AC1FBA00317AB3 /* PhotoCollection */ = {
			isa = PBXGroup;
			children = (
				4C4D60CA23AC211300317AB3 /* Model Controller */,
				4C4D60C723AC209600317AB3 /* Model */,
				4C4D60C623AC202300317AB3 /* View Controllers */,
				4C4D60C523AC200900317AB3 /* Resources */,
				4C4D60B723AC1FBA00317AB3 /* Main.storyboard */,
				4C4D60BA23AC1FBB00317AB3 /* Assets.xcassets */,
				4C4D60BF23AC1FBB00317AB3 /* Info.plist */,
				4C4D60CD23AC22A900317AB3 /* ThemeHelper.swift */,
			);
			path = PhotoCollection;
			sourceTree = "<group>";
		};
		4C4D60C523AC200900317AB3 /* Resources */ = {
			isa = PBXGroup;
			children = (
				4C4D60B123AC1FBA00317AB3 /* AppDelegate.swift */,
				4C4D60B323AC1FBA00317AB3 /* SceneDelegate.swift */,
				4C4D60BC23AC1FBB00317AB3 /* LaunchScreen.storyboard */,
			);
			path = Resources;
			sourceTree = "<group>";
		};
		4C4D60C623AC202300317AB3 /* View Controllers */ = {
			isa = PBXGroup;
			children = (
				4C4D60CF23AC383200317AB3 /* PhotosCollectionViewController.swift */,
				4C4D60D123AC389400317AB3 /* PhotosCollectionViewCell.swift */,
				4C4D60D323AC3A0D00317AB3 /* PhotoDetailViewController.swift */,
				4C4D60D523AC3D4000317AB3 /* ThemeSelectionViewController.swift */,
			);
			path = "View Controllers";
			sourceTree = "<group>";
		};
		4C4D60C723AC209600317AB3 /* Model */ = {
			isa = PBXGroup;
			children = (
				4C4D60C823AC20B000317AB3 /* Photo.swift */,
			);
			path = Model;
			sourceTree = "<group>";
		};
		4C4D60CA23AC211300317AB3 /* Model Controller */ = {
			isa = PBXGroup;
			children = (
				4C4D60CB23AC213400317AB3 /* PhotoController.swift */,
			);
			path = "Model Controller";
			sourceTree = "<group>";
		};
/* End PBXGroup section */

/* Begin PBXNativeTarget section */
		4C4D60AD23AC1FBA00317AB3 /* PhotoCollection */ = {
			isa = PBXNativeTarget;
			buildConfigurationList = 4C4D60C223AC1FBB00317AB3 /* Build configuration list for PBXNativeTarget "PhotoCollection" */;
			buildPhases = (
				4C4D60AA23AC1FBA00317AB3 /* Sources */,
				4C4D60AB23AC1FBA00317AB3 /* Frameworks */,
				4C4D60AC23AC1FBA00317AB3 /* Resources */,
			);
			buildRules = (
			);
			dependencies = (
			);
			name = PhotoCollection;
			productName = PhotoCollection;
			productReference = 4C4D60AE23AC1FBA00317AB3 /* PhotoCollection.app */;
			productType = "com.apple.product-type.application";
		};
/* End PBXNativeTarget section */

/* Begin PBXProject section */
		4C4D60A623AC1FBA00317AB3 /* Project object */ = {
			isa = PBXProject;
			attributes = {
				LastSwiftUpdateCheck = 1130;
				LastUpgradeCheck = 1130;
				ORGANIZATIONNAME = Michael;
				TargetAttributes = {
					4C4D60AD23AC1FBA00317AB3 = {
						CreatedOnToolsVersion = 11.3;
					};
				};
			};
			buildConfigurationList = 4C4D60A923AC1FBA00317AB3 /* Build configuration list for PBXProject "PhotoCollection" */;
			compatibilityVersion = "Xcode 9.3";
			developmentRegion = en;
			hasScannedForEncodings = 0;
			knownRegions = (
				en,
				Base,
			);
			mainGroup = 4C4D60A523AC1FBA00317AB3;
			productRefGroup = 4C4D60AF23AC1FBA00317AB3 /* Products */;
			projectDirPath = "";
			projectRoot = "";
			targets = (
				4C4D60AD23AC1FBA00317AB3 /* PhotoCollection */,
			);
		};
/* End PBXProject section */

/* Begin PBXResourcesBuildPhase section */
		4C4D60AC23AC1FBA00317AB3 /* Resources */ = {
			isa = PBXResourcesBuildPhase;
			buildActionMask = 2147483647;
			files = (
				4C4D60BE23AC1FBB00317AB3 /* LaunchScreen.storyboard in Resources */,
				4C4D60BB23AC1FBB00317AB3 /* Assets.xcassets in Resources */,
				4C4D60B923AC1FBA00317AB3 /* Main.storyboard in Resources */,
			);
			runOnlyForDeploymentPostprocessing = 0;
		};
/* End PBXResourcesBuildPhase section */

/* Begin PBXSourcesBuildPhase section */
		4C4D60AA23AC1FBA00317AB3 /* Sources */ = {
			isa = PBXSourcesBuildPhase;
			buildActionMask = 2147483647;
			files = (
				4C4D60C923AC20B000317AB3 /* Photo.swift in Sources */,
				4C4D60D223AC389400317AB3 /* PhotosCollectionViewCell.swift in Sources */,
				4C4D60B223AC1FBA00317AB3 /* AppDelegate.swift in Sources */,
				4C4D60CC23AC213400317AB3 /* PhotoController.swift in Sources */,
				4C4D60D023AC383200317AB3 /* PhotosCollectionViewController.swift in Sources */,
				4C4D60CE23AC22A900317AB3 /* ThemeHelper.swift in Sources */,
				4C4D60D423AC3A0D00317AB3 /* PhotoDetailViewController.swift in Sources */,
				4C4D60D623AC3D4000317AB3 /* ThemeSelectionViewController.swift in Sources */,
				4C4D60B423AC1FBA00317AB3 /* SceneDelegate.swift in Sources */,
			);
			runOnlyForDeploymentPostprocessing = 0;
		};
/* End PBXSourcesBuildPhase section */

/* Begin PBXVariantGroup section */
		4C4D60B723AC1FBA00317AB3 /* Main.storyboard */ = {
			isa = PBXVariantGroup;
			children = (
				4C4D60B823AC1FBA00317AB3 /* Base */,
			);
			name = Main.storyboard;
			sourceTree = "<group>";
		};
		4C4D60BC23AC1FBB00317AB3 /* LaunchScreen.storyboard */ = {
			isa = PBXVariantGroup;
			children = (
				4C4D60BD23AC1FBB00317AB3 /* Base */,
			);
			name = LaunchScreen.storyboard;
			sourceTree = "<group>";
		};
/* End PBXVariantGroup section */

/* Begin XCBuildConfiguration section */
		4C4D60C023AC1FBB00317AB3 /* Debug */ = {
			isa = XCBuildConfiguration;
			buildSettings = {
				ALWAYS_SEARCH_USER_PATHS = NO;
				CLANG_ANALYZER_NONNULL = YES;
				CLANG_ANALYZER_NUMBER_OBJECT_CONVERSION = YES_AGGRESSIVE;
				CLANG_CXX_LANGUAGE_STANDARD = "gnu++14";
				CLANG_CXX_LIBRARY = "libc++";
				CLANG_ENABLE_MODULES = YES;
				CLANG_ENABLE_OBJC_ARC = YES;
				CLANG_ENABLE_OBJC_WEAK = YES;
				CLANG_WARN_BLOCK_CAPTURE_AUTORELEASING = YES;
				CLANG_WARN_BOOL_CONVERSION = YES;
				CLANG_WARN_COMMA = YES;
				CLANG_WARN_CONSTANT_CONVERSION = YES;
				CLANG_WARN_DEPRECATED_OBJC_IMPLEMENTATIONS = YES;
				CLANG_WARN_DIRECT_OBJC_ISA_USAGE = YES_ERROR;
				CLANG_WARN_DOCUMENTATION_COMMENTS = YES;
				CLANG_WARN_EMPTY_BODY = YES;
				CLANG_WARN_ENUM_CONVERSION = YES;
				CLANG_WARN_INFINITE_RECURSION = YES;
				CLANG_WARN_INT_CONVERSION = YES;
				CLANG_WARN_NON_LITERAL_NULL_CONVERSION = YES;
				CLANG_WARN_OBJC_IMPLICIT_RETAIN_SELF = YES;
				CLANG_WARN_OBJC_LITERAL_CONVERSION = YES;
				CLANG_WARN_OBJC_ROOT_CLASS = YES_ERROR;
				CLANG_WARN_RANGE_LOOP_ANALYSIS = YES;
				CLANG_WARN_STRICT_PROTOTYPES = YES;
				CLANG_WARN_SUSPICIOUS_MOVE = YES;
				CLANG_WARN_UNGUARDED_AVAILABILITY = YES_AGGRESSIVE;
				CLANG_WARN_UNREACHABLE_CODE = YES;
				CLANG_WARN__DUPLICATE_METHOD_MATCH = YES;
				COPY_PHASE_STRIP = NO;
				DEBUG_INFORMATION_FORMAT = dwarf;
				ENABLE_STRICT_OBJC_MSGSEND = YES;
				ENABLE_TESTABILITY = YES;
				GCC_C_LANGUAGE_STANDARD = gnu11;
				GCC_DYNAMIC_NO_PIC = NO;
				GCC_NO_COMMON_BLOCKS = YES;
				GCC_OPTIMIZATION_LEVEL = 0;
				GCC_PREPROCESSOR_DEFINITIONS = (
					"DEBUG=1",
					"$(inherited)",
				);
				GCC_WARN_64_TO_32_BIT_CONVERSION = YES;
				GCC_WARN_ABOUT_RETURN_TYPE = YES_ERROR;
				GCC_WARN_UNDECLARED_SELECTOR = YES;
				GCC_WARN_UNINITIALIZED_AUTOS = YES_AGGRESSIVE;
				GCC_WARN_UNUSED_FUNCTION = YES;
				GCC_WARN_UNUSED_VARIABLE = YES;
				IPHONEOS_DEPLOYMENT_TARGET = 13.2;
				MTL_ENABLE_DEBUG_INFO = INCLUDE_SOURCE;
				MTL_FAST_MATH = YES;
				ONLY_ACTIVE_ARCH = YES;
				SDKROOT = iphoneos;
				SWIFT_ACTIVE_COMPILATION_CONDITIONS = DEBUG;
				SWIFT_OPTIMIZATION_LEVEL = "-Onone";
			};
			name = Debug;
		};
		4C4D60C123AC1FBB00317AB3 /* Release */ = {
			isa = XCBuildConfiguration;
			buildSettings = {
				ALWAYS_SEARCH_USER_PATHS = NO;
				CLANG_ANALYZER_NONNULL = YES;
				CLANG_ANALYZER_NUMBER_OBJECT_CONVERSION = YES_AGGRESSIVE;
				CLANG_CXX_LANGUAGE_STANDARD = "gnu++14";
				CLANG_CXX_LIBRARY = "libc++";
				CLANG_ENABLE_MODULES = YES;
				CLANG_ENABLE_OBJC_ARC = YES;
				CLANG_ENABLE_OBJC_WEAK = YES;
				CLANG_WARN_BLOCK_CAPTURE_AUTORELEASING = YES;
				CLANG_WARN_BOOL_CONVERSION = YES;
				CLANG_WARN_COMMA = YES;
				CLANG_WARN_CONSTANT_CONVERSION = YES;
				CLANG_WARN_DEPRECATED_OBJC_IMPLEMENTATIONS = YES;
				CLANG_WARN_DIRECT_OBJC_ISA_USAGE = YES_ERROR;
				CLANG_WARN_DOCUMENTATION_COMMENTS = YES;
				CLANG_WARN_EMPTY_BODY = YES;
				CLANG_WARN_ENUM_CONVERSION = YES;
				CLANG_WARN_INFINITE_RECURSION = YES;
				CLANG_WARN_INT_CONVERSION = YES;
				CLANG_WARN_NON_LITERAL_NULL_CONVERSION = YES;
				CLANG_WARN_OBJC_IMPLICIT_RETAIN_SELF = YES;
				CLANG_WARN_OBJC_LITERAL_CONVERSION = YES;
				CLANG_WARN_OBJC_ROOT_CLASS = YES_ERROR;
				CLANG_WARN_RANGE_LOOP_ANALYSIS = YES;
				CLANG_WARN_STRICT_PROTOTYPES = YES;
				CLANG_WARN_SUSPICIOUS_MOVE = YES;
				CLANG_WARN_UNGUARDED_AVAILABILITY = YES_AGGRESSIVE;
				CLANG_WARN_UNREACHABLE_CODE = YES;
				CLANG_WARN__DUPLICATE_METHOD_MATCH = YES;
				COPY_PHASE_STRIP = NO;
				DEBUG_INFORMATION_FORMAT = "dwarf-with-dsym";
				ENABLE_NS_ASSERTIONS = NO;
				ENABLE_STRICT_OBJC_MSGSEND = YES;
				GCC_C_LANGUAGE_STANDARD = gnu11;
				GCC_NO_COMMON_BLOCKS = YES;
				GCC_WARN_64_TO_32_BIT_CONVERSION = YES;
				GCC_WARN_ABOUT_RETURN_TYPE = YES_ERROR;
				GCC_WARN_UNDECLARED_SELECTOR = YES;
				GCC_WARN_UNINITIALIZED_AUTOS = YES_AGGRESSIVE;
				GCC_WARN_UNUSED_FUNCTION = YES;
				GCC_WARN_UNUSED_VARIABLE = YES;
				IPHONEOS_DEPLOYMENT_TARGET = 13.2;
				MTL_ENABLE_DEBUG_INFO = NO;
				MTL_FAST_MATH = YES;
				SDKROOT = iphoneos;
				SWIFT_COMPILATION_MODE = wholemodule;
				SWIFT_OPTIMIZATION_LEVEL = "-O";
				VALIDATE_PRODUCT = YES;
			};
			name = Release;
		};
		4C4D60C323AC1FBB00317AB3 /* Debug */ = {
			isa = XCBuildConfiguration;
			buildSettings = {
				ASSETCATALOG_COMPILER_APPICON_NAME = AppIcon;
				CODE_SIGN_STYLE = Automatic;
				INFOPLIST_FILE = PhotoCollection/Info.plist;
				LD_RUNPATH_SEARCH_PATHS = (
					"$(inherited)",
					"@executable_path/Frameworks",
				);
				PRODUCT_BUNDLE_IDENTIFIER = com.MichaelMcGrath.PhotoCollection;
				PRODUCT_NAME = "$(TARGET_NAME)";
				SWIFT_VERSION = 5.0;
				TARGETED_DEVICE_FAMILY = "1,2";
			};
			name = Debug;
		};
		4C4D60C423AC1FBB00317AB3 /* Release */ = {
			isa = XCBuildConfiguration;
			buildSettings = {
				ASSETCATALOG_COMPILER_APPICON_NAME = AppIcon;
				CODE_SIGN_STYLE = Automatic;
				INFOPLIST_FILE = PhotoCollection/Info.plist;
				LD_RUNPATH_SEARCH_PATHS = (
					"$(inherited)",
					"@executable_path/Frameworks",
				);
				PRODUCT_BUNDLE_IDENTIFIER = com.MichaelMcGrath.PhotoCollection;
				PRODUCT_NAME = "$(TARGET_NAME)";
				SWIFT_VERSION = 5.0;
				TARGETED_DEVICE_FAMILY = "1,2";
			};
			name = Release;
		};
/* End XCBuildConfiguration section */

/* Begin XCConfigurationList section */
		4C4D60A923AC1FBA00317AB3 /* Build configuration list for PBXProject "PhotoCollection" */ = {
			isa = XCConfigurationList;
			buildConfigurations = (
				4C4D60C023AC1FBB00317AB3 /* Debug */,
				4C4D60C123AC1FBB00317AB3 /* Release */,
			);
			defaultConfigurationIsVisible = 0;
			defaultConfigurationName = Release;
		};
		4C4D60C223AC1FBB00317AB3 /* Build configuration list for PBXNativeTarget "PhotoCollection" */ = {
			isa = XCConfigurationList;
			buildConfigurations = (
				4C4D60C323AC1FBB00317AB3 /* Debug */,
				4C4D60C423AC1FBB00317AB3 /* Release */,
			);
			defaultConfigurationIsVisible = 0;
			defaultConfigurationName = Release;
		};
/* End XCConfigurationList section */
	};
	rootObject = 4C4D60A623AC1FBA00317AB3 /* Project object */;
}
